{
  "object": {
    "pins": [
      {
        "package": "CMySQL",
        "repositoryURL": "https://github.com/novi/cmysql.git",
        "state": {
          "branch": null,
          "revision": "dee1732e79a4e49cb4433804983eccb262e2e5d8",
          "version": "2.0.4"
        }
      }
    ]
  },
  "version": 1
}
