// !$*UTF8*$!
{
	archiveVersion = 1;
	classes = {
	};
	objectVersion = 46;
	objects = {

/* Begin PBXBuildFile section */
		520FEE031C194F2700799AFE /* Model.swift in Sources */ = {isa = PBXBuildFile; fileRef = 529215E21BDB92F7009B031A /* Model.swift */; };
		529215AE1BDB8D56009B031A /* AppDelegate.swift in Sources */ = {isa = PBXBuildFile; fileRef = 529215AD1BDB8D56009B031A /* AppDelegate.swift */; };
		529215B01BDB8D56009B031A /* DatabaseViewController.swift in Sources */ = {isa = PBXBuildFile; fileRef = 529215AF1BDB8D56009B031A /* DatabaseViewController.swift */; };
		529215B21BDB8D56009B031A /* Assets.xcassets in Resources */ = {isa = PBXBuildFile; fileRef = 529215B11BDB8D56009B031A /* Assets.xcassets */; };
		529215B51BDB8D56009B031A /* Main.storyboard in Resources */ = {isa = PBXBuildFile; fileRef = 529215B31BDB8D56009B031A /* Main.storyboard */; };
		529215C01BDB8D57009B031A /* MySQLDemoTests.swift in Sources */ = {isa = PBXBuildFile; fileRef = 529215BF1BDB8D57009B031A /* MySQLDemoTests.swift */; };
		529215CB1BDB8D57009B031A /* MySQLDemoUITests.swift in Sources */ = {isa = PBXBuildFile; fileRef = 529215CA1BDB8D57009B031A /* MySQLDemoUITests.swift */; };
		52F722031BDDB5CB0066B725 /* ConnectionViewController.swift in Sources */ = {isa = PBXBuildFile; fileRef = 52F722021BDDB5CB0066B725 /* ConnectionViewController.swift */; };
/* End PBXBuildFile section */

/* Begin PBXContainerItemProxy section */
		529215BC1BDB8D57009B031A /* PBXContainerItemProxy */ = {
			isa = PBXContainerItemProxy;
			containerPortal = 529215A21BDB8D56009B031A /* Project object */;
			proxyType = 1;
			remoteGlobalIDString = 529215A91BDB8D56009B031A;
			remoteInfo = MySQLDemo;
		};
		529215C71BDB8D57009B031A /* PBXContainerItemProxy */ = {
			isa = PBXContainerItemProxy;
			containerPortal = 529215A21BDB8D56009B031A /* Project object */;
			proxyType = 1;
			remoteGlobalIDString = 529215A91BDB8D56009B031A;
			remoteInfo = MySQLDemo;
		};
/* End PBXContainerItemProxy section */

/* Begin PBXCopyFilesBuildPhase section */
		529215EB1BDBA345009B031A /* CopyFiles */ = {
			isa = PBXCopyFilesBuildPhase;
			buildActionMask = 2147483647;
			dstPath = "";
			dstSubfolderSpec = 10;
			files = (
			);
			runOnlyForDeploymentPostprocessing = 0;
		};
/* End PBXCopyFilesBuildPhase section */

/* Begin PBXFileReference section */
		529215AA1BDB8D56009B031A /* MySQLDemo.app */ = {isa = PBXFileReference; explicitFileType = wrapper.application; includeInIndex = 0; path = MySQLDemo.app; sourceTree = BUILT_PRODUCTS_DIR; };
		529215AD1BDB8D56009B031A /* AppDelegate.swift */ = {isa = PBXFileReference; lastKnownFileType = sourcecode.swift; path = AppDelegate.swift; sourceTree = "<group>"; };
		529215AF1BDB8D56009B031A /* DatabaseViewController.swift */ = {isa = PBXFileReference; lastKnownFileType = sourcecode.swift; path = DatabaseViewController.swift; sourceTree = "<group>"; };
		529215B11BDB8D56009B031A /* Assets.xcassets */ = {isa = PBXFileReference; lastKnownFileType = folder.assetcatalog; path = Assets.xcassets; sourceTree = "<group>"; };
		529215B41BDB8D56009B031A /* Base */ = {isa = PBXFileReference; lastKnownFileType = file.storyboard; name = Base; path = Base.lproj/Main.storyboard; sourceTree = "<group>"; };
		529215B61BDB8D56009B031A /* Info.plist */ = {isa = PBXFileReference; lastKnownFileType = text.plist.xml; path = Info.plist; sourceTree = "<group>"; };
		529215BB1BDB8D57009B031A /* MySQLDemoTests.xctest */ = {isa = PBXFileReference; explicitFileType = wrapper.cfbundle; includeInIndex = 0; path = MySQLDemoTests.xctest; sourceTree = BUILT_PRODUCTS_DIR; };
		529215BF1BDB8D57009B031A /* MySQLDemoTests.swift */ = {isa = PBXFileReference; lastKnownFileType = sourcecode.swift; path = MySQLDemoTests.swift; sourceTree = "<group>"; };
		529215C11BDB8D57009B031A /* Info.plist */ = {isa = PBXFileReference; lastKnownFileType = text.plist.xml; path = Info.plist; sourceTree = "<group>"; };
		529215C61BDB8D57009B031A /* MySQLDemoUITests.xctest */ = {isa = PBXFileReference; explicitFileType = wrapper.cfbundle; includeInIndex = 0; path = MySQLDemoUITests.xctest; sourceTree = BUILT_PRODUCTS_DIR; };
		529215CA1BDB8D57009B031A /* MySQLDemoUITests.swift */ = {isa = PBXFileReference; lastKnownFileType = sourcecode.swift; path = MySQLDemoUITests.swift; sourceTree = "<group>"; };
		529215CC1BDB8D57009B031A /* Info.plist */ = {isa = PBXFileReference; lastKnownFileType = text.plist.xml; path = Info.plist; sourceTree = "<group>"; };
		529215E21BDB92F7009B031A /* Model.swift */ = {isa = PBXFileReference; fileEncoding = 4; lastKnownFileType = sourcecode.swift; path = Model.swift; sourceTree = "<group>"; };
		52F722021BDDB5CB0066B725 /* ConnectionViewController.swift */ = {isa = PBXFileReference; fileEncoding = 4; lastKnownFileType = sourcecode.swift; path = ConnectionViewController.swift; sourceTree = "<group>"; };
/* End PBXFileReference section */

/* Begin PBXFrameworksBuildPhase section */
		529215A71BDB8D56009B031A /* Frameworks */ = {
			isa = PBXFrameworksBuildPhase;
			buildActionMask = 2147483647;
			files = (
			);
			runOnlyForDeploymentPostprocessing = 0;
		};
		529215B81BDB8D57009B031A /* Frameworks */ = {
			isa = PBXFrameworksBuildPhase;
			buildActionMask = 2147483647;
			files = (
			);
			runOnlyForDeploymentPostprocessing = 0;
		};
		529215C31BDB8D57009B031A /* Frameworks */ = {
			isa = PBXFrameworksBuildPhase;
			buildActionMask = 2147483647;
			files = (
			);
			runOnlyForDeploymentPostprocessing = 0;
		};
/* End PBXFrameworksBuildPhase section */

/* Begin PBXGroup section */
		529215A11BDB8D56009B031A = {
			isa = PBXGroup;
			children = (
				529215AC1BDB8D56009B031A /* MySQLDemo */,
				529215BE1BDB8D57009B031A /* MySQLDemoTests */,
				529215C91BDB8D57009B031A /* MySQLDemoUITests */,
				529215AB1BDB8D56009B031A /* Products */,
			);
			sourceTree = "<group>";
		};
		529215AB1BDB8D56009B031A /* Products */ = {
			isa = PBXGroup;
			children = (
				529215AA1BDB8D56009B031A /* MySQLDemo.app */,
				529215BB1BDB8D57009B031A /* MySQLDemoTests.xctest */,
				529215C61BDB8D57009B031A /* MySQLDemoUITests.xctest */,
			);
			name = Products;
			sourceTree = "<group>";
		};
		529215AC1BDB8D56009B031A /* MySQLDemo */ = {
			isa = PBXGroup;
			children = (
				529215AD1BDB8D56009B031A /* AppDelegate.swift */,
				529215AF1BDB8D56009B031A /* DatabaseViewController.swift */,
				52F722021BDDB5CB0066B725 /* ConnectionViewController.swift */,
				529215E21BDB92F7009B031A /* Model.swift */,
				529215B11BDB8D56009B031A /* Assets.xcassets */,
				529215B31BDB8D56009B031A /* Main.storyboard */,
				529215B61BDB8D56009B031A /* Info.plist */,
			);
			path = MySQLDemo;
			sourceTree = "<group>";
		};
		529215BE1BDB8D57009B031A /* MySQLDemoTests */ = {
			isa = PBXGroup;
			children = (
				529215BF1BDB8D57009B031A /* MySQLDemoTests.swift */,
				529215C11BDB8D57009B031A /* Info.plist */,
			);
			path = MySQLDemoTests;
			sourceTree = "<group>";
		};
		529215C91BDB8D57009B031A /* MySQLDemoUITests */ = {
			isa = PBXGroup;
			children = (
				529215CA1BDB8D57009B031A /* MySQLDemoUITests.swift */,
				529215CC1BDB8D57009B031A /* Info.plist */,
			);
			path = MySQLDemoUITests;
			sourceTree = "<group>";
		};
/* End PBXGroup section */

/* Begin PBXNativeTarget section */
		529215A91BDB8D56009B031A /* MySQLDemo */ = {
			isa = PBXNativeTarget;
			buildConfigurationList = 529215CF1BDB8D57009B031A /* Build configuration list for PBXNativeTarget "MySQLDemo" */;
			buildPhases = (
				529215A61BDB8D56009B031A /* Sources */,
				529215A71BDB8D56009B031A /* Frameworks */,
				529215A81BDB8D56009B031A /* Resources */,
				529215EB1BDBA345009B031A /* CopyFiles */,
			);
			buildRules = (
			);
			dependencies = (
			);
			name = MySQLDemo;
			productName = MySQLDemo;
			productReference = 529215AA1BDB8D56009B031A /* MySQLDemo.app */;
			productType = "com.apple.product-type.application";
		};
		529215BA1BDB8D57009B031A /* MySQLDemoTests */ = {
			isa = PBXNativeTarget;
			buildConfigurationList = 529215D21BDB8D57009B031A /* Build configuration list for PBXNativeTarget "MySQLDemoTests" */;
			buildPhases = (
				529215B71BDB8D57009B031A /* Sources */,
				529215B81BDB8D57009B031A /* Frameworks */,
				529215B91BDB8D57009B031A /* Resources */,
			);
			buildRules = (
			);
			dependencies = (
				529215BD1BDB8D57009B031A /* PBXTargetDependency */,
			);
			name = MySQLDemoTests;
			productName = MySQLDemoTests;
			productReference = 529215BB1BDB8D57009B031A /* MySQLDemoTests.xctest */;
			productType = "com.apple.product-type.bundle.unit-test";
		};
		529215C51BDB8D57009B031A /* MySQLDemoUITests */ = {
			isa = PBXNativeTarget;
			buildConfigurationList = 529215D51BDB8D57009B031A /* Build configuration list for PBXNativeTarget "MySQLDemoUITests" */;
			buildPhases = (
				529215C21BDB8D57009B031A /* Sources */,
				529215C31BDB8D57009B031A /* Frameworks */,
				529215C41BDB8D57009B031A /* Resources */,
			);
			buildRules = (
			);
			dependencies = (
				529215C81BDB8D57009B031A /* PBXTargetDependency */,
			);
			name = MySQLDemoUITests;
			productName = MySQLDemoUITests;
			productReference = 529215C61BDB8D57009B031A /* MySQLDemoUITests.xctest */;
			productType = "com.apple.product-type.bundle.ui-testing";
		};
/* End PBXNativeTarget section */

/* Begin PBXProject section */
		529215A21BDB8D56009B031A /* Project object */ = {
			isa = PBXProject;
			attributes = {
				LastUpgradeCheck = 0700;
				ORGANIZATIONNAME = "Yusuke Ito";
				TargetAttributes = {
					529215A91BDB8D56009B031A = {
						CreatedOnToolsVersion = 7.0.1;
					};
					529215BA1BDB8D57009B031A = {
						CreatedOnToolsVersion = 7.0.1;
						TestTargetID = 529215A91BDB8D56009B031A;
					};
					529215C51BDB8D57009B031A = {
						CreatedOnToolsVersion = 7.0.1;
						TestTargetID = 529215A91BDB8D56009B031A;
					};
				};
			};
			buildConfigurationList = 529215A51BDB8D56009B031A /* Build configuration list for PBXProject "MySQLDemo" */;
			compatibilityVersion = "Xcode 3.2";
			developmentRegion = English;
			hasScannedForEncodings = 0;
			knownRegions = (
				en,
				Base,
			);
			mainGroup = 529215A11BDB8D56009B031A;
			productRefGroup = 529215AB1BDB8D56009B031A /* Products */;
			projectDirPath = "";
			projectRoot = "";
			targets = (
				529215A91BDB8D56009B031A /* MySQLDemo */,
				529215BA1BDB8D57009B031A /* MySQLDemoTests */,
				529215C51BDB8D57009B031A /* MySQLDemoUITests */,
			);
		};
/* End PBXProject section */

/* Begin PBXResourcesBuildPhase section */
		529215A81BDB8D56009B031A /* Resources */ = {
			isa = PBXResourcesBuildPhase;
			buildActionMask = 2147483647;
			files = (
				529215B21BDB8D56009B031A /* Assets.xcassets in Resources */,
				529215B51BDB8D56009B031A /* Main.storyboard in Resources */,
			);
			runOnlyForDeploymentPostprocessing = 0;
		};
		529215B91BDB8D57009B031A /* Resources */ = {
			isa = PBXResourcesBuildPhase;
			buildActionMask = 2147483647;
			files = (
			);
			runOnlyForDeploymentPostprocessing = 0;
		};
		529215C41BDB8D57009B031A /* Resources */ = {
			isa = PBXResourcesBuildPhase;
			buildActionMask = 2147483647;
			files = (
			);
			runOnlyForDeploymentPostprocessing = 0;
		};
/* End PBXResourcesBuildPhase section */

/* Begin PBXSourcesBuildPhase section */
		529215A61BDB8D56009B031A /* Sources */ = {
			isa = PBXSourcesBuildPhase;
			buildActionMask = 2147483647;
			files = (
				52F722031BDDB5CB0066B725 /* ConnectionViewController.swift in Sources */,
				529215B01BDB8D56009B031A /* DatabaseViewController.swift in Sources */,
				529215AE1BDB8D56009B031A /* AppDelegate.swift in Sources */,
				520FEE031C194F2700799AFE /* Model.swift in Sources */,
			);
			runOnlyForDeploymentPostprocessing = 0;
		};
		529215B71BDB8D57009B031A /* Sources */ = {
			isa = PBXSourcesBuildPhase;
			buildActionMask = 2147483647;
			files = (
				529215C01BDB8D57009B031A /* MySQLDemoTests.swift in Sources */,
			);
			runOnlyForDeploymentPostprocessing = 0;
		};
		529215C21BDB8D57009B031A /* Sources */ = {
			isa = PBXSourcesBuildPhase;
			buildActionMask = 2147483647;
			files = (
				529215CB1BDB8D57009B031A /* MySQLDemoUITests.swift in Sources */,
			);
			runOnlyForDeploymentPostprocessing = 0;
		};
/* End PBXSourcesBuildPhase section */

/* Begin PBXTargetDependency section */
		529215BD1BDB8D57009B031A /* PBXTargetDependency */ = {
			isa = PBXTargetDependency;
			target = 529215A91BDB8D56009B031A /* MySQLDemo */;
			targetProxy = 529215BC1BDB8D57009B031A /* PBXContainerItemProxy */;
		};
		529215C81BDB8D57009B031A /* PBXTargetDependency */ = {
			isa = PBXTargetDependency;
			target = 529215A91BDB8D56009B031A /* MySQLDemo */;
			targetProxy = 529215C71BDB8D57009B031A /* PBXContainerItemProxy */;
		};
/* End PBXTargetDependency section */

/* Begin PBXVariantGroup section */
		529215B31BDB8D56009B031A /* Main.storyboard */ = {
			isa = PBXVariantGroup;
			children = (
				529215B41BDB8D56009B031A /* Base */,
			);
			name = Main.storyboard;
			sourceTree = "<group>";
		};
/* End PBXVariantGroup section */

/* Begin XCBuildConfiguration section */
		529215CD1BDB8D57009B031A /* Debug */ = {
			isa = XCBuildConfiguration;
			buildSettings = {
				ALWAYS_SEARCH_USER_PATHS = NO;
				CLANG_CXX_LANGUAGE_STANDARD = "gnu++0x";
				CLANG_CXX_LIBRARY = "libc++";
				CLANG_ENABLE_MODULES = YES;
				CLANG_ENABLE_OBJC_ARC = YES;
				CLANG_WARN_BOOL_CONVERSION = YES;
				CLANG_WARN_CONSTANT_CONVERSION = YES;
				CLANG_WARN_DIRECT_OBJC_ISA_USAGE = YES_ERROR;
				CLANG_WARN_EMPTY_BODY = YES;
				CLANG_WARN_ENUM_CONVERSION = YES;
				CLANG_WARN_INT_CONVERSION = YES;
				CLANG_WARN_OBJC_ROOT_CLASS = YES_ERROR;
				CLANG_WARN_UNREACHABLE_CODE = YES;
				CLANG_WARN__DUPLICATE_METHOD_MATCH = YES;
				CODE_SIGN_IDENTITY = "-";
				COPY_PHASE_STRIP = NO;
				DEBUG_INFORMATION_FORMAT = dwarf;
				ENABLE_STRICT_OBJC_MSGSEND = YES;
				ENABLE_TESTABILITY = YES;
				GCC_C_LANGUAGE_STANDARD = gnu99;
				GCC_DYNAMIC_NO_PIC = NO;
				GCC_NO_COMMON_BLOCKS = YES;
				GCC_OPTIMIZATION_LEVEL = 0;
				GCC_PREPROCESSOR_DEFINITIONS = (
					"DEBUG=1",
					"$(inherited)",
				);
				GCC_WARN_64_TO_32_BIT_CONVERSION = YES;
				GCC_WARN_ABOUT_RETURN_TYPE = YES_ERROR;
				GCC_WARN_UNDECLARED_SELECTOR = YES;
				GCC_WARN_UNINITIALIZED_AUTOS = YES_AGGRESSIVE;
				GCC_WARN_UNUSED_FUNCTION = YES;
				GCC_WARN_UNUSED_VARIABLE = YES;
				MACOSX_DEPLOYMENT_TARGET = 10.11;
				MTL_ENABLE_DEBUG_INFO = YES;
				ONLY_ACTIVE_ARCH = YES;
				SDKROOT = macosx;
				SWIFT_OPTIMIZATION_LEVEL = "-Onone";
			};
			name = Debug;
		};
		529215CE1BDB8D57009B031A /* Release */ = {
			isa = XCBuildConfiguration;
			buildSettings = {
				ALWAYS_SEARCH_USER_PATHS = NO;
				CLANG_CXX_LANGUAGE_STANDARD = "gnu++0x";
				CLANG_CXX_LIBRARY = "libc++";
				CLANG_ENABLE_MODULES = YES;
				CLANG_ENABLE_OBJC_ARC = YES;
				CLANG_WARN_BOOL_CONVERSION = YES;
				CLANG_WARN_CONSTANT_CONVERSION = YES;
				CLANG_WARN_DIRECT_OBJC_ISA_USAGE = YES_ERROR;
				CLANG_WARN_EMPTY_BODY = YES;
				CLANG_WARN_ENUM_CONVERSION = YES;
				CLANG_WARN_INT_CONVERSION = YES;
				CLANG_WARN_OBJC_ROOT_CLASS = YES_ERROR;
				CLANG_WARN_UNREACHABLE_CODE = YES;
				CLANG_WARN__DUPLICATE_METHOD_MATCH = YES;
				CODE_SIGN_IDENTITY = "-";
				COPY_PHASE_STRIP = NO;
				DEBUG_INFORMATION_FORMAT = "dwarf-with-dsym";
				ENABLE_NS_ASSERTIONS = NO;
				ENABLE_STRICT_OBJC_MSGSEND = YES;
				GCC_C_LANGUAGE_STANDARD = gnu99;
				GCC_NO_COMMON_BLOCKS = YES;
				GCC_WARN_64_TO_32_BIT_CONVERSION = YES;
				GCC_WARN_ABOUT_RETURN_TYPE = YES_ERROR;
				GCC_WARN_UNDECLARED_SELECTOR = YES;
				GCC_WARN_UNINITIALIZED_AUTOS = YES_AGGRESSIVE;
				GCC_WARN_UNUSED_FUNCTION = YES;
				GCC_WARN_UNUSED_VARIABLE = YES;
				MACOSX_DEPLOYMENT_TARGET = 10.11;
				MTL_ENABLE_DEBUG_INFO = NO;
				SDKROOT = macosx;
			};
			name = Release;
		};
		529215D01BDB8D57009B031A /* Debug */ = {
			isa = XCBuildConfiguration;
			buildSettings = {
				ASSETCATALOG_COMPILER_APPICON_NAME = AppIcon;
				CODE_SIGN_IDENTITY = "";
				COMBINE_HIDPI_IMAGES = YES;
				FRAMEWORK_SEARCH_PATHS = "\"$(SRCROOT)/../MySQL/Carthage/Build/Mac\"";
				INFOPLIST_FILE = MySQLDemo/Info.plist;
				LD_RUNPATH_SEARCH_PATHS = "$(inherited) @executable_path/../Frameworks";
				LIBRARY_SEARCH_PATHS = "\"$(SRCROOT)/../MySQL/External/mysql-connector/lib\"";
				PRODUCT_BUNDLE_IDENTIFIER = jp.novi.MySQLDemo;
				PRODUCT_NAME = "$(TARGET_NAME)";
			};
			name = Debug;
		};
		529215D11BDB8D57009B031A /* Release */ = {
			isa = XCBuildConfiguration;
			buildSettings = {
				ASSETCATALOG_COMPILER_APPICON_NAME = AppIcon;
				CODE_SIGN_IDENTITY = "";
				COMBINE_HIDPI_IMAGES = YES;
				FRAMEWORK_SEARCH_PATHS = "\"$(SRCROOT)/../MySQL/Carthage/Build/Mac\"";
				INFOPLIST_FILE = MySQLDemo/Info.plist;
				LD_RUNPATH_SEARCH_PATHS = "$(inherited) @executable_path/../Frameworks";
				LIBRARY_SEARCH_PATHS = "\"$(SRCROOT)/../MySQL/External/mysql-connector/lib\"";
				PRODUCT_BUNDLE_IDENTIFIER = jp.novi.MySQLDemo;
				PRODUCT_NAME = "$(TARGET_NAME)";
			};
			name = Release;
		};
		529215D31BDB8D57009B031A /* Debug */ = {
			isa = XCBuildConfiguration;
			buildSettings = {
				BUNDLE_LOADER = "$(TEST_HOST)";
				COMBINE_HIDPI_IMAGES = YES;
				INFOPLIST_FILE = MySQLDemoTests/Info.plist;
				LD_RUNPATH_SEARCH_PATHS = "$(inherited) @executable_path/../Frameworks @loader_path/../Frameworks";
				PRODUCT_BUNDLE_IDENTIFIER = jp.novi.MySQLDemoTests;
				PRODUCT_NAME = "$(TARGET_NAME)";
				TEST_HOST = "$(BUILT_PRODUCTS_DIR)/MySQLDemo.app/Contents/MacOS/MySQLDemo";
			};
			name = Debug;
		};
		529215D41BDB8D57009B031A /* Release */ = {
			isa = XCBuildConfiguration;
			buildSettings = {
				BUNDLE_LOADER = "$(TEST_HOST)";
				COMBINE_HIDPI_IMAGES = YES;
				INFOPLIST_FILE = MySQLDemoTests/Info.plist;
				LD_RUNPATH_SEARCH_PATHS = "$(inherited) @executable_path/../Frameworks @loader_path/../Frameworks";
				PRODUCT_BUNDLE_IDENTIFIER = jp.novi.MySQLDemoTests;
				PRODUCT_NAME = "$(TARGET_NAME)";
				TEST_HOST = "$(BUILT_PRODUCTS_DIR)/MySQLDemo.app/Contents/MacOS/MySQLDemo";
			};
			name = Release;
		};
		529215D61BDB8D57009B031A /* Debug */ = {
			isa = XCBuildConfiguration;
			buildSettings = {
				COMBINE_HIDPI_IMAGES = YES;
				INFOPLIST_FILE = MySQLDemoUITests/Info.plist;
				LD_RUNPATH_SEARCH_PATHS = "$(inherited) @executable_path/../Frameworks @loader_path/../Frameworks";
				PRODUCT_BUNDLE_IDENTIFIER = jp.novi.MySQLDemoUITests;
				PRODUCT_NAME = "$(TARGET_NAME)";
				TEST_TARGET_NAME = MySQLDemo;
				USES_XCTRUNNER = YES;
			};
			name = Debug;
		};
		529215D71BDB8D57009B031A /* Release */ = {
			isa = XCBuildConfiguration;
			buildSettings = {
				COMBINE_HIDPI_IMAGES = YES;
				INFOPLIST_FILE = MySQLDemoUITests/Info.plist;
				LD_RUNPATH_SEARCH_PATHS = "$(inherited) @executable_path/../Frameworks @loader_path/../Frameworks";
				PRODUCT_BUNDLE_IDENTIFIER = jp.novi.MySQLDemoUITests;
				PRODUCT_NAME = "$(TARGET_NAME)";
				TEST_TARGET_NAME = MySQLDemo;
				USES_XCTRUNNER = YES;
			};
			name = Release;
		};
/* End XCBuildConfiguration section */

/* Begin XCConfigurationList section */
		529215A51BDB8D56009B031A /* Build configuration list for PBXProject "MySQLDemo" */ = {
			isa = XCConfigurationList;
			buildConfigurations = (
				529215CD1BDB8D57009B031A /* Debug */,
				529215CE1BDB8D57009B031A /* Release */,
			);
			defaultConfigurationIsVisible = 0;
			defaultConfigurationName = Release;
		};
		529215CF1BDB8D57009B031A /* Build configuration list for PBXNativeTarget "MySQLDemo" */ = {
			isa = XCConfigurationList;
			buildConfigurations = (
				529215D01BDB8D57009B031A /* Debug */,
				529215D11BDB8D57009B031A /* Release */,
			);
			defaultConfigurationIsVisible = 0;
			defaultConfigurationName = Release;
		};
		529215D21BDB8D57009B031A /* Build configuration list for PBXNativeTarget "MySQLDemoTests" */ = {
			isa = XCConfigurationList;
			buildConfigurations = (
				529215D31BDB8D57009B031A /* Debug */,
				529215D41BDB8D57009B031A /* Release */,
			);
			defaultConfigurationIsVisible = 0;
			defaultConfigurationName = Release;
		};
		529215D51BDB8D57009B031A /* Build configuration list for PBXNativeTarget "MySQLDemoUITests" */ = {
			isa = XCConfigurationList;
			buildConfigurations = (
				529215D61BDB8D57009B031A /* Debug */,
				529215D71BDB8D57009B031A /* Release */,
			);
			defaultConfigurationIsVisible = 0;
			defaultConfigurationName = Release;
		};
/* End XCConfigurationList section */
	};
	rootObject = 529215A21BDB8D56009B031A /* Project object */;
}
